<?xml version="1.0" encoding="utf-8"?>
<Project ToolsVersion="4.0" xmlns="http://schemas.microsoft.com/developer/msbuild/2003">
  <ItemGroup>
    <Filter Include="リソース ファイル">
      <UniqueIdentifier>{67DA6AB6-F800-4c08-8B7A-83BB121AAD01}</UniqueIdentifier>
      <Extensions>rc;ico;cur;bmp;dlg;rc2;rct;bin;rgs;gif;jpg;jpeg;jpe;resx;tiff;tif;png;wav;mfcribbon-ms</Extensions>
    </Filter>
    <Filter Include="Window">
      <UniqueIdentifier>{1367ee15-3167-4fbc-adca-997f1eab11ef}</UniqueIdentifier>
    </Filter>
    <Filter Include="Window\WindowParam">
      <UniqueIdentifier>{c5fac2a2-557f-48a0-ac92-ec827a0c3861}</UniqueIdentifier>
    </Filter>
    <Filter Include="RectSize">
      <UniqueIdentifier>{8c80f513-c847-4728-9e01-b82129cefa60}</UniqueIdentifier>
    </Filter>
    <Filter Include="GameFramework">
      <UniqueIdentifier>{d797c9e3-36f0-4eb0-a417-0ebf5f5e2181}</UniqueIdentifier>
    </Filter>
    <Filter Include="GameFramework\DirectXParam">
      <UniqueIdentifier>{7cace1e7-1e98-4fb7-81b0-9de62b41497c}</UniqueIdentifier>
    </Filter>
    <Filter Include="GameFramework\DirectXParam\DirectXDevice">
      <UniqueIdentifier>{fa4d9c19-0a9c-45e4-8b45-91c201771c21}</UniqueIdentifier>
    </Filter>
    <Filter Include="GameFramework\DirectXParam\DirectXGraphicDevice">
      <UniqueIdentifier>{3580820d-71ca-4348-bffe-27d15fb2d274}</UniqueIdentifier>
    </Filter>
    <Filter Include="GameFramework\GameFrameworkFactory">
      <UniqueIdentifier>{8af64be1-cc07-4d93-b887-6340cb992ebd}</UniqueIdentifier>
    </Filter>
    <Filter Include="GameFramework\DirectXParam\DirectXInputDevice">
      <UniqueIdentifier>{86a477ab-cbf9-41a1-a14a-a4eb06533cf1}</UniqueIdentifier>
    </Filter>
  </ItemGroup>
  <ItemGroup>
    <ClCompile Include="Window\Window.cpp">
      <Filter>Window</Filter>
    </ClCompile>
    <ClCompile Include="Window\WindowParam\WindowParam.cpp">
      <Filter>Window\WindowParam</Filter>
    </ClCompile>
    <ClCompile Include="RectSize\RectSize.cpp">
      <Filter>RectSize</Filter>
    </ClCompile>
    <ClCompile Include="GameFramework\DirectXParam\DirectXDevice\DirectXDevice.cpp">
      <Filter>GameFramework\DirectXParam\DirectXDevice</Filter>
    </ClCompile>
    <ClCompile Include="GameFramework\DirectXParam\DirectXDevice\DirectX9Device.cpp">
      <Filter>GameFramework\DirectXParam\DirectXDevice</Filter>
    </ClCompile>
    <ClCompile Include="GameFramework\GameFrameworkFactory\GameFrameworkFactory.cpp">
      <Filter>GameFramework\GameFrameworkFactory</Filter>
    </ClCompile>
  </ItemGroup>
  <ItemGroup>
    <ClInclude Include="Window\Window.h">
      <Filter>Window</Filter>
    </ClInclude>
    <ClInclude Include="Window\WindowParam\WindowParam.h">
      <Filter>Window\WindowParam</Filter>
    </ClInclude>
    <ClInclude Include="RectSize\RectSize.h">
      <Filter>RectSize</Filter>
    </ClInclude>
    <ClInclude Include="GameFramework\DirectXParam\DirectXDevice\DirectXDevice.h">
      <Filter>GameFramework\DirectXParam\DirectXDevice</Filter>
    </ClInclude>
    <ClInclude Include="GameFramework\DirectXParam\DirectXDevice\DirectX9Device.h">
      <Filter>GameFramework\DirectXParam\DirectXDevice</Filter>
    </ClInclude>
    <ClInclude Include="GameFramework\GameFrameworkFactory\GameFrameworkFactory.h">
      <Filter>GameFramework\GameFrameworkFactory</Filter>
    </ClInclude>
  </ItemGroup>
</Project>