<?xml version="1.0" encoding="utf-8"?>
<Project ToolsVersion="4.0" xmlns="http://schemas.microsoft.com/developer/msbuild/2003">
  <ItemGroup>
    <Filter Include="リソース ファイル">
      <UniqueIdentifier>{67DA6AB6-F800-4c08-8B7A-83BB121AAD01}</UniqueIdentifier>
      <Extensions>rc;ico;cur;bmp;dlg;rc2;rct;bin;rgs;gif;jpg;jpeg;jpe;resx;tiff;tif;png;wav;mfcribbon-ms</Extensions>
    </Filter>
    <Filter Include="Window">
      <UniqueIdentifier>{1367ee15-3167-4fbc-adca-997f1eab11ef}</UniqueIdentifier>
    </Filter>
    <Filter Include="Window\WindowParam">
      <UniqueIdentifier>{c5fac2a2-557f-48a0-ac92-ec827a0c3861}</UniqueIdentifier>
    </Filter>
    <Filter Include="RectSize">
      <UniqueIdentifier>{8c80f513-c847-4728-9e01-b82129cefa60}</UniqueIdentifier>
    </Filter>
    <Filter Include="GameFramework">
      <UniqueIdentifier>{d797c9e3-36f0-4eb0-a417-0ebf5f5e2181}</UniqueIdentifier>
    </Filter>
    <Filter Include="GameFramework\DirectXParam">
      <UniqueIdentifier>{7cace1e7-1e98-4fb7-81b0-9de62b41497c}</UniqueIdentifier>
    </Filter>
    <Filter Include="GameFramework\DirectXParam\DirectXDevice">
      <UniqueIdentifier>{fa4d9c19-0a9c-45e4-8b45-91c201771c21}</UniqueIdentifier>
    </Filter>
    <Filter Include="GameFramework\DirectXParam\DirectXGraphicDevice">
      <UniqueIdentifier>{3580820d-71ca-4348-bffe-27d15fb2d274}</UniqueIdentifier>
    </Filter>
    <Filter Include="GameFramework\GameFrameworkFactory">
      <UniqueIdentifier>{8af64be1-cc07-4d93-b887-6340cb992ebd}</UniqueIdentifier>
    </Filter>
    <Filter Include="GameFramework\DirectXParam\DirectXInputDevice">
      <UniqueIdentifier>{86a477ab-cbf9-41a1-a14a-a4eb06533cf1}</UniqueIdentifier>
    </Filter>
    <Filter Include="Algorithm">
      <UniqueIdentifier>{d525e6a6-1889-4e9d-ada8-2e622849aa2b}</UniqueIdentifier>
    </Filter>
    <Filter Include="RotationValue">
      <UniqueIdentifier>{c1ca2bb6-553c-40d3-96f9-13d9e39f26b2}</UniqueIdentifier>
    </Filter>
    <Filter Include="GameFramework\Graphic">
      <UniqueIdentifier>{6285a04b-e4e3-4d4a-ab81-f5db4fde242b}</UniqueIdentifier>
    </Filter>
    <Filter Include="GameFramework\Graphic\FontManager">
      <UniqueIdentifier>{21ff4867-de85-4bff-b9c4-9066ecf8d21f}</UniqueIdentifier>
    </Filter>
    <Filter Include="GameFramework\Graphic\ColorBlender">
      <UniqueIdentifier>{0446de25-4340-48ec-a612-d2ba8507e05a}</UniqueIdentifier>
    </Filter>
    <Filter Include="GameFramework\Graphic\Renderer">
      <UniqueIdentifier>{bca77c5c-0e4a-4b34-ab5e-6b7c75f6fc7d}</UniqueIdentifier>
    </Filter>
    <Filter Include="GameFramework\Graphic\TextureManager">
      <UniqueIdentifier>{a8b3ce71-c44d-44c0-b516-0d23eb70cc30}</UniqueIdentifier>
    </Filter>
    <Filter Include="GameFramework\Graphic\FontManager\Font">
      <UniqueIdentifier>{417e9e9a-f1ac-4681-b630-a44aff102159}</UniqueIdentifier>
    </Filter>
    <Filter Include="GameFramework\Graphic\TextureManager\Texture">
      <UniqueIdentifier>{3ec275e6-78b9-4b2b-8c61-68f6be7e228f}</UniqueIdentifier>
    </Filter>
    <Filter Include="GameFramework\Input">
      <UniqueIdentifier>{4483031d-eae3-4c56-b3e5-8c645e242cc9}</UniqueIdentifier>
    </Filter>
    <Filter Include="GameFramework\Input\DirectInput">
      <UniqueIdentifier>{f1b89c86-3eda-4fce-8e28-b77476a607fd}</UniqueIdentifier>
    </Filter>
    <Filter Include="GameFramework\Input\InputDevice">
      <UniqueIdentifier>{e1562cdc-80e7-4fb0-b738-370355b100e2}</UniqueIdentifier>
    </Filter>
    <Filter Include="GameFramework\Vertices">
      <UniqueIdentifier>{2a2f0c6e-68f5-41f0-b585-c92ed001f1f5}</UniqueIdentifier>
    </Filter>
    <Filter Include="GameFramework\TimerManager">
      <UniqueIdentifier>{86062bee-6630-49ef-8e39-89595c36058e}</UniqueIdentifier>
    </Filter>
    <Filter Include="TextureUVs">
      <UniqueIdentifier>{3b4a87ff-c46c-43d6-b217-67d7e48c8312}</UniqueIdentifier>
    </Filter>
    <Filter Include="GameFramework\Stream">
      <UniqueIdentifier>{a465f0b4-2a21-4fde-b92e-0d4eab029c8f}</UniqueIdentifier>
    </Filter>
    <Filter Include="GameFramework\DirectXParam\DirectXParamFactory">
      <UniqueIdentifier>{cb77a7f6-6c57-4367-a4e3-30081ba04b9c}</UniqueIdentifier>
    </Filter>
    <Filter Include="Singleton">
      <UniqueIdentifier>{a3284fef-a0a3-496b-9770-3cde8b2dbc91}</UniqueIdentifier>
    </Filter>
    <Filter Include="Singleton\SingletonHolder">
      <UniqueIdentifier>{3aff72b4-5652-4826-8c7b-b8c6ef0c7fe4}</UniqueIdentifier>
    </Filter>
    <ClCompile Include="GameFramework\Graphic\ColorBlender\DirectX9ColorBlender.cpp">
      <Filter>GameFramework\Graphic\ColorBlender</Filter>
    </ClCompile>
    <ClCompile Include="GameFramework\Graphic\FontManager\FontManager.cpp">
      <Filter>GameFramework\Graphic\FontManager</Filter>
    </ClCompile>
    <ClCompile Include="GameFramework\Graphic\FontManager\Font\DirectX9Font.cpp">
      <Filter>GameFramework\Graphic\FontManager\Font</Filter>
    </ClCompile>
    <ClCompile Include="GameFramework\Graphic\FontManager\Font\Font.cpp">
      <Filter>GameFramework\Graphic\FontManager\Font</Filter>
    </ClCompile>
    <ClCompile Include="GameFramework\Graphic\TextureManager\Texture\DirectX9Texture.cpp">
      <Filter>GameFramework\Graphic\TextureManager\Texture</Filter>
    </ClCompile>
    <ClCompile Include="GameFramework\Graphic\Renderer\DirectX9Renderer.cpp">
      <Filter>GameFramework\Graphic\Renderer</Filter>
    </ClCompile>
    <ClCompile Include="GameFramework\Input\InputDevice\DirectX8Keyboard.cpp">
      <Filter>GameFramework\Input\InputDevice</Filter>
    </ClCompile>
    <ClCompile Include="GameFramework\Input\InputDevice\DirectX8Mouse.cpp">
      <Filter>GameFramework\Input\InputDevice</Filter>
    </ClCompile>
    <ClCompile Include="GameFramework\Input\InputDevice\DirectX8Keyboard.cpp">
      <Filter>GameFramework\Input\InputDevice</Filter>
    </ClCompile>
    <ClCompile Include="GameFramework\Input\InputDevice\DirectX8Mouse.cpp">
      <Filter>GameFramework\Input\InputDevice</Filter>
    </ClCompile>
    <ClCompile Include="GameFramework\Vertices\DirectX9Vertices.cpp">
      <Filter>GameFramework\Vertices</Filter>
    </ClCompile>
    <ClCompile Include="GameFramework\TimerManager\TimerManager.cpp">
      <Filter>GameFramework\TimerManager</Filter>
    </ClCompile>
    <ClCompile Include="TextureUVs\TextureUVs.cpp">
      <Filter>TextureUVs</Filter>
    </ClCompile>
    <ClCompile Include="GameFramework\Stream\DirectX9Stream.cpp">
      <Filter>GameFramework\Stream</Filter>
    </ClCompile>
    <ClCompile Include="GameFramework\DirectXParam\DirectXParam.cpp">
      <Filter>GameFramework\DirectXParam</Filter>
    </ClCompile>
    <Filter Include="Color">
      <UniqueIdentifier>{0d856c42-ef71-48a1-ad7c-56ba14908a74}</UniqueIdentifier>
    </Filter>
    <Filter Include="tstring">
      <UniqueIdentifier>{6b68c291-95ad-4f97-ade6-d6a93b55ab0d}</UniqueIdentifier>
    </Filter>
    <Filter Include="GameFramework\Collision">
      <UniqueIdentifier>{45136f08-d803-42a7-834c-2145749843a0}</UniqueIdentifier>
    </Filter>
    <Filter Include="GameFramework\Graphic\GraphicEffectManager">
      <UniqueIdentifier>{ca34f9ac-1156-466d-b66a-ad22a1bacf06}</UniqueIdentifier>
    </Filter>
    <Filter Include="GameFramework\Graphic\GraphicEffectManager\GraphicEffect">
      <UniqueIdentifier>{e8657455-3ebe-497f-9666-ff99ad01bd1c}</UniqueIdentifier>
    </Filter>
    <Filter Include="GameFramework\Graphic\GraphicEffectManager\GraphicEffect\BehaviorScheduler">
      <UniqueIdentifier>{cc0b61d8-18ff-4d82-93d1-f898ec5dd6de}</UniqueIdentifier>
    </Filter>
    <Filter Include="GameFramework\Graphic\GraphicEffectManager\GraphicEffect\PartScheduler">
      <UniqueIdentifier>{c7b69101-2ac9-4f4a-8a69-c429629a7512}</UniqueIdentifier>
    </Filter>
    <Filter Include="NodeSystem">
      <UniqueIdentifier>{143fb478-6e7c-4c82-b34c-92c4a9bf06d7}</UniqueIdentifier>
    </Filter>
  </ItemGroup>
  <ItemGroup>
    <ClCompile Include="Window\Window.cpp">
      <Filter>Window</Filter>
    </ClCompile>
    <ClCompile Include="Window\WindowParam\WindowParam.cpp">
      <Filter>Window\WindowParam</Filter>
    </ClCompile>
    <ClCompile Include="RectSize\RectSize.cpp">
      <Filter>RectSize</Filter>
    </ClCompile>
    <ClCompile Include="GameFramework\DirectXParam\DirectXDevice\DirectXDevice.cpp">
      <Filter>GameFramework\DirectXParam\DirectXDevice</Filter>
    </ClCompile>
    <ClCompile Include="GameFramework\DirectXParam\DirectXDevice\DirectX9Device.cpp">
      <Filter>GameFramework\DirectXParam\DirectXDevice</Filter>
    </ClCompile>
    <ClCompile Include="GameFramework\DirectXParam\DirectXGraphicDevice\DirectX9GraphicDevice.cpp">
      <Filter>GameFramework\DirectXParam\DirectXGraphicDevice</Filter>
    </ClCompile>
    <ClCompile Include="GameFramework\DirectXParam\DirectXGraphicDevice\DirectXGraphicDevice.cpp">
      <Filter>GameFramework\DirectXParam\DirectXGraphicDevice</Filter>
    </ClCompile>
    <ClCompile Include="GameFramework\DirectXParam\DirectXInputDevice\DirectX8InputDevice.cpp">
      <Filter>GameFramework\DirectXParam\DirectXInputDevice</Filter>
    </ClCompile>
    <ClCompile Include="GameFramework\DirectXParam\DirectXInputDevice\DirectXInputDevice.cpp">
      <Filter>GameFramework\DirectXParam\DirectXInputDevice</Filter>
    </ClCompile>
    <ClCompile Include="Algorithm\Algorithm.cpp">
      <Filter>Algorithm</Filter>
    </ClCompile>
    <ClCompile Include="RotationValue\Degree.cpp">
      <Filter>RotationValue</Filter>
    </ClCompile>
    <ClCompile Include="RotationValue\Radian.cpp">
      <Filter>RotationValue</Filter>
    </ClCompile>
    <ClCompile Include="RotationValue\RotationValue.cpp">
      <Filter>RotationValue</Filter>
    </ClCompile>
    <ClCompile Include="GameFramework\Graphic\ColorBlender\DirectX9ColorBlender.cpp">
      <Filter>GameFramework\Graphic\ColorBlender</Filter>
    </ClCompile>
    <ClCompile Include="GameFramework\Graphic\FontManager\FontManager.cpp">
      <Filter>GameFramework\Graphic\FontManager</Filter>
    </ClCompile>
    <ClCompile Include="GameFramework\Graphic\FontManager\Font\DirectX9Font.cpp">
      <Filter>GameFramework\Graphic\FontManager\Font</Filter>
    </ClCompile>
    <ClCompile Include="GameFramework\Graphic\FontManager\Font\Font.cpp">
      <Filter>GameFramework\Graphic\FontManager\Font</Filter>
    </ClCompile>
    <ClCompile Include="GameFramework\Graphic\TextureManager\Texture\DirectX9Texture.cpp">
      <Filter>GameFramework\Graphic\TextureManager\Texture</Filter>
    </ClCompile>
    <ClCompile Include="GameFramework\Graphic\Renderer\DirectX9Renderer.cpp">
      <Filter>GameFramework\Graphic\Renderer</Filter>
    </ClCompile>
    <ClCompile Include="GameFramework\Input\InputDevice\DirectX8Keyboard.cpp">
      <Filter>GameFramework\Input\InputDevice</Filter>
    </ClCompile>
    <ClCompile Include="GameFramework\Input\InputDevice\DirectX8Mouse.cpp">
      <Filter>GameFramework\Input\InputDevice</Filter>
    </ClCompile>
    <ClCompile Include="GameFramework\Vertices\DirectX9Vertices.cpp">
      <Filter>GameFramework\Vertices</Filter>
    </ClCompile>
    <ClCompile Include="GameFramework\TimerManager\TimerManager.cpp">
      <Filter>GameFramework\TimerManager</Filter>
    </ClCompile>
    <ClCompile Include="TextureUVs\TextureUVs.cpp">
      <Filter>TextureUVs</Filter>
    </ClCompile>
    <ClCompile Include="GameFramework\Stream\DirectX9Stream.cpp">
      <Filter>GameFramework\Stream</Filter>
    </ClCompile>
    <ClCompile Include="GameFramework\DirectXParam\DirectXParam.cpp">
      <Filter>GameFramework\DirectXParam</Filter>
    </ClCompile>
    <ClCompile Include="Singleton\Singleton.cpp">
      <Filter>Singleton</Filter>
    </ClCompile>
    <ClCompile Include="Singleton\SingletonHolder\SingletonHolder.cpp">
      <Filter>Singleton\SingletonHolder</Filter>
    </ClCompile>
    <ClCompile Include="GameFramework\Vertices\Vertices.cpp">
      <Filter>GameFramework\Vertices</Filter>
    </ClCompile>
    <ClCompile Include="GameFramework\Collision\Collision.cpp">
      <Filter>GameFramework\Collision</Filter>
    </ClCompile>
    <ClCompile Include="GameFramework\Vertices\CustomVertex.cpp">
      <Filter>GameFramework\Vertices</Filter>
    </ClCompile>
    <ClCompile Include="GameFramework\Collision\SideVectors.cpp">
      <Filter>GameFramework\Collision</Filter>
    </ClCompile>
    <ClCompile Include="GameFramework\Collision\VectorsVertexToPos.cpp">
      <Filter>GameFramework\Collision</Filter>
    </ClCompile>
    <ClCompile Include="GameFramework\Collision\RectVectors.cpp">
      <Filter>GameFramework\Collision</Filter>
    </ClCompile>
    <ClCompile Include="GameFramework\Graphic\GraphicEffectManager\GraphicEffectManager.cpp">
      <Filter>GameFramework\Graphic\GraphicEffectManager</Filter>
    </ClCompile>
    <ClCompile Include="GameFramework\Graphic\GraphicEffectManager\GraphicEffect.cpp">
    <ClCompile Include="GameFramework\Graphic\GraphicEffectManager\BehaviorScheduler\BehaviorScheduler.cpp">
      <Filter>GameFramework\Graphic\GraphicEffectManager\GraphicEffect\BehaviorScheduler</Filter>
    </ClCompile>
      <Filter>GameFramework\Graphic\GraphicEffectManager\GraphicEffect</Filter>
    </ClCompile>
    <ClCompile Include="GameFramework\Graphic\GraphicEffectManager\Shape.cpp">
      <Filter>GameFramework\Graphic\GraphicEffectManager\GraphicEffect</Filter>
    </ClCompile>
    <ClCompile Include="GameFramework\Graphic\GraphicEffectManager\Behavior.cpp">
      <Filter>GameFramework\Graphic\GraphicEffectManager\GraphicEffect</Filter>
    </ClCompile>
    <ClCompile Include="GameFramework\Graphic\GraphicEffectManager\Particle.cpp">
      <Filter>GameFramework\Graphic\GraphicEffectManager\GraphicEffect</Filter>
    </ClCompile>
  </ItemGroup>
  <ItemGroup>
    <ClInclude Include="Window\Window.h">
      <Filter>Window</Filter>
    </ClInclude>
    <ClInclude Include="Window\WindowParam\WindowParam.h">
      <Filter>Window\WindowParam</Filter>
    </ClInclude>
    <ClInclude Include="RectSize\RectSize.h">
      <Filter>RectSize</Filter>
    </ClInclude>
    <ClInclude Include="GameFramework\DirectXParam\DirectXDevice\DirectXDevice.h">
      <Filter>GameFramework\DirectXParam\DirectXDevice</Filter>
    </ClInclude>
    <ClInclude Include="GameFramework\DirectXParam\DirectXDevice\DirectX9Device.h">
      <Filter>GameFramework\DirectXParam\DirectXDevice</Filter>
    </ClInclude>
    <ClInclude Include="GameFramework\GameFrameworkFactory\GameFrameworkFactory.h">
      <Filter>GameFramework\GameFrameworkFactory</Filter>
    </ClInclude>
    <ClInclude Include="GameFramework\DirectXParam\DirectXGraphicDevice\DirectX9GraphicDevice.h">
      <Filter>GameFramework\DirectXParam\DirectXGraphicDevice</Filter>
    </ClInclude>
    <ClInclude Include="GameFramework\DirectXParam\DirectXGraphicDevice\DirectXGraphicDevice.h">
      <Filter>GameFramework\DirectXParam\DirectXGraphicDevice</Filter>
    </ClInclude>
    <ClInclude Include="GameFramework\DirectXParam\DirectXInputDevice\DirectX8InputDevice.h">
      <Filter>GameFramework\DirectXParam\DirectXInputDevice</Filter>
    </ClInclude>
    <ClInclude Include="GameFramework\DirectXParam\DirectXInputDevice\DirectXInputDevice.h">
      <Filter>GameFramework\DirectXParam\DirectXInputDevice</Filter>
    </ClInclude>
    <ClInclude Include="GameFramework\GameFramework.h">
      <Filter>GameFramework</Filter>
    </ClInclude>
    <ClInclude Include="Algorithm\Algorithm.h">
      <Filter>Algorithm</Filter>
    </ClInclude>
    <ClInclude Include="RotationValue\Degree.h">
      <Filter>RotationValue</Filter>
    </ClInclude>
    <ClInclude Include="RotationValue\Radian.h">
      <Filter>RotationValue</Filter>
    </ClInclude>
    <ClInclude Include="RotationValue\RotationValue.h">
      <Filter>RotationValue</Filter>
    </ClInclude>
    <ClInclude Include="GameFramework\Graphic\ColorBlender\ColorBlender.h">
      <Filter>GameFramework\Graphic\ColorBlender</Filter>
    </ClInclude>
    <ClInclude Include="GameFramework\Graphic\ColorBlender\DirectX9ColorBlender.h">
      <Filter>GameFramework\Graphic\ColorBlender</Filter>
    </ClInclude>
    <ClInclude Include="GameFramework\Graphic\FontManager\FontManager.h">
      <Filter>GameFramework\Graphic\FontManager</Filter>
    </ClInclude>
    <ClInclude Include="GameFramework\Graphic\TextureManager\TextureManager.h">
      <Filter>GameFramework\Graphic\TextureManager</Filter>
    </ClInclude>
    <ClInclude Include="GameFramework\Graphic\FontManager\Font\DirectX9Font.h">
      <Filter>GameFramework\Graphic\FontManager\Font</Filter>
    </ClInclude>
    <ClInclude Include="GameFramework\Graphic\FontManager\Font\Font.h">
      <Filter>GameFramework\Graphic\FontManager\Font</Filter>
    </ClInclude>
    <ClInclude Include="GameFramework\Graphic\TextureManager\Texture\DirectX9Texture.h">
      <Filter>GameFramework\Graphic\TextureManager\Texture</Filter>
    </ClInclude>
    <ClInclude Include="GameFramework\Graphic\TextureManager\Texture\Texture.h">
      <Filter>GameFramework\Graphic\TextureManager\Texture</Filter>
    </ClInclude>
    <ClInclude Include="GameFramework\Graphic\Renderer\DirectX9Renderer.h">
      <Filter>GameFramework\Graphic\Renderer</Filter>
    </ClInclude>
    <ClInclude Include="GameFramework\Graphic\Renderer\Renderer.h">
      <Filter>GameFramework\Graphic\Renderer</Filter>
    </ClInclude>
    <ClInclude Include="GameFramework\Graphic\Graphic.h">
      <Filter>GameFramework\Graphic</Filter>
    </ClInclude>
    <ClInclude Include="GameFramework\Input\DirectInput\Direct8Input.h">
      <Filter>GameFramework\Input\DirectInput</Filter>
    </ClInclude>
    <ClInclude Include="GameFramework\Input\InputDevice\DirectX8Keyboard.h">
      <Filter>GameFramework\Input\InputDevice</Filter>
    </ClInclude>
    <ClInclude Include="GameFramework\Input\InputDevice\DirectX8Mouse.h">
      <Filter>GameFramework\Input\InputDevice</Filter>
    </ClInclude>
    <ClInclude Include="GameFramework\Input\InputDevice\InputDevice.h">
      <Filter>GameFramework\Input\InputDevice</Filter>
    </ClInclude>
    <ClInclude Include="GameFramework\Input\InputDevice\Direct8InputDevice.h">
      <Filter>GameFramework\Input\InputDevice</Filter>
    </ClInclude>
    <ClInclude Include="GameFramework\Input\Input.h">
      <Filter>GameFramework\Input</Filter>
    </ClInclude>
    <ClInclude Include="GameFramework\Vertices\DirectX9Vertices.h">
      <Filter>GameFramework\Vertices</Filter>
    </ClInclude>
    <ClInclude Include="GameFramework\Vertices\Vertices.h">
      <Filter>GameFramework\Vertices</Filter>
    </ClInclude>
    <ClInclude Include="GameFramework\TimerManager\TimerManager.h">
      <Filter>GameFramework\TimerManager</Filter>
    </ClInclude>
    <ClInclude Include="TextureUVs\TextureUVs.h">
      <Filter>TextureUVs</Filter>
    </ClInclude>
    <ClInclude Include="GameFramework\Stream\Stream.h">
      <Filter>GameFramework\Stream</Filter>
    </ClInclude>
    <ClInclude Include="GameFramework\Stream\DirectX9Stream.h">
      <Filter>GameFramework\Stream</Filter>
    </ClInclude>
    <ClInclude Include="tstring\tstring.h">
      <Filter>tstring</Filter>
    </ClInclude>
    <ClInclude Include="GameFramework\DirectXParam\DirectXParamFactory\DirectXParamFactory.h">
      <Filter>GameFramework\DirectXParam\DirectXParamFactory</Filter>
    </ClInclude>
    <ClInclude Include="GameFramework\DirectXParam\DirectXParam.h">
      <Filter>GameFramework\DirectXParam</Filter>
    </ClInclude>
    <ClInclude Include="GameFramework\Graphic\ColorBlender\ColorBlender.h">
      <Filter>GameFramework\Graphic\ColorBlender</Filter>
    </ClInclude>
    <ClInclude Include="GameFramework\Graphic\ColorBlender\DirectX9ColorBlender.h">
      <Filter>GameFramework\Graphic\ColorBlender</Filter>
    </ClInclude>
    <ClInclude Include="GameFramework\Graphic\FontManager\FontManager.h">
      <Filter>GameFramework\Graphic\FontManager</Filter>
    </ClInclude>
    <ClInclude Include="GameFramework\Graphic\TextureManager\TextureManager.h">
      <Filter>GameFramework\Graphic\TextureManager</Filter>
    </ClInclude>
    <ClInclude Include="GameFramework\Graphic\FontManager\Font\DirectX9Font.h">
      <Filter>GameFramework\Graphic\FontManager\Font</Filter>
    </ClInclude>
    <ClInclude Include="GameFramework\Graphic\FontManager\Font\Font.h">
      <Filter>GameFramework\Graphic\FontManager\Font</Filter>
    </ClInclude>
    <ClInclude Include="GameFramework\Graphic\TextureManager\Texture\DirectX9Texture.h">
      <Filter>GameFramework\Graphic\TextureManager\Texture</Filter>
    </ClInclude>
    <ClInclude Include="GameFramework\Graphic\TextureManager\Texture\Texture.h">
      <Filter>GameFramework\Graphic\TextureManager\Texture</Filter>
    </ClInclude>
    <ClInclude Include="GameFramework\Graphic\Renderer\DirectX9Renderer.h">
      <Filter>GameFramework\Graphic\Renderer</Filter>
    </ClInclude>
    <ClInclude Include="GameFramework\Graphic\Renderer\Renderer.h">
      <Filter>GameFramework\Graphic\Renderer</Filter>
    </ClInclude>
    <ClInclude Include="GameFramework\Graphic\Graphic.h">
      <Filter>GameFramework\Graphic</Filter>
    </ClInclude>
    <ClInclude Include="GameFramework\Input\DirectInput\Direct8Input.h">
      <Filter>GameFramework\Input\DirectInput</Filter>
    </ClInclude>
    <ClInclude Include="GameFramework\Input\DirectInput\DirectInput.h">
      <Filter>GameFramework\Input\DirectInput</Filter>
    </ClInclude>
    <ClInclude Include="GameFramework\Input\InputDevice\DirectX8Keyboard.h">
      <Filter>GameFramework\Input\InputDevice</Filter>
    </ClInclude>
    <ClInclude Include="GameFramework\Input\InputDevice\DirectX8Mouse.h">
      <Filter>GameFramework\Input\InputDevice</Filter>
    </ClInclude>
    <ClInclude Include="GameFramework\Input\InputDevice\InputDevice.h">
      <Filter>GameFramework\Input\InputDevice</Filter>
    </ClInclude>
    <ClInclude Include="GameFramework\Input\InputDevice\Direct8InputDevice.h">
      <Filter>GameFramework\Input\InputDevice</Filter>
    </ClInclude>
    <ClInclude Include="GameFramework\Input\Input.h">
      <Filter>GameFramework\Input</Filter>
    </ClInclude>
    <ClInclude Include="GameFramework\Vertices\DirectX9Vertices.h">
      <Filter>GameFramework\Vertices</Filter>
    </ClInclude>
    <ClInclude Include="GameFramework\Vertices\Vertices.h">
      <Filter>GameFramework\Vertices</Filter>
    </ClInclude>
    <ClInclude Include="GameFramework\TimerManager\TimerManager.h">
      <Filter>GameFramework\TimerManager</Filter>
    </ClInclude>
    <ClInclude Include="TextureUVs\TextureUVs.h">
      <Filter>TextureUVs</Filter>
    </ClInclude>
    <ClInclude Include="GameFramework\Stream\Stream.h">
      <Filter>GameFramework\Stream</Filter>
    </ClInclude>
    <ClInclude Include="GameFramework\Stream\DirectX9Stream.h">
      <Filter>GameFramework\Stream</Filter>
    </ClInclude>
    <ClInclude Include="tstring\tstring.h">
      <Filter>GameFramework\tstring</Filter>
    </ClInclude>
    <ClInclude Include="GameFramework\DirectXParam\DirectXParamFactory\DirectXParamFactory.h">
      <Filter>GameFramework\DirectXParam\DirectXParamFactory</Filter>
    </ClInclude>
    <ClInclude Include="GameFramework\DirectXParam\DirectXParam.h">
      <Filter>GameFramework\DirectXParam</Filter>
    </ClInclude>
    <ClInclude Include="Singleton\Singleton.h">
      <Filter>Singleton</Filter>
    </ClInclude>
    <ClInclude Include="Singleton\SingletonHolder\SingletonHolder.h">
      <Filter>Singleton\SingletonHolder</Filter>
    </ClInclude>
    <ClInclude Include="Color\Color.h">
      <Filter>Color</Filter>
    </ClInclude>
    <ClInclude Include="GameFramework\Input\DirectInput\DirectInput.h">
      <Filter>GameFramework\Input\DirectInput</Filter>
    </ClInclude>
    <ClInclude Include="GameFramework\Collision\Collision.h">
      <Filter>GameFramework\Collision</Filter>
    </ClInclude>
    <ClInclude Include="GameFramework\Vertices\CustomVertex.h">
      <Filter>GameFramework\Vertices</Filter>
    </ClInclude>
    <ClInclude Include="GameFramework\Collision\SideVectors.h">
      <Filter>GameFramework\Collision</Filter>
    </ClInclude>
    <ClInclude Include="GameFramework\Collision\VectorsVertexToPos.h">
      <Filter>GameFramework\Collision</Filter>
    </ClInclude>
    <ClInclude Include="GameFramework\Collision\RectVectors.h">
      <Filter>GameFramework\Collision</Filter>
    </ClInclude>
    <ClInclude Include="GameFramework\Collision\RectDegrees.h">
      <Filter>GameFramework\Collision</Filter>
    </ClInclude>
    <ClInclude Include="GameFramework\Graphic\GraphicEffectManager\GraphicEffectManager.h">
      <Filter>GameFramework\Graphic\GraphicEffectManager</Filter>
    </ClInclude>
    <ClInclude Include="GameFramework\Graphic\GraphicEffectManager\GraphicEffect.h">
    <ClInclude Include="GameFramework\Graphic\GraphicEffectManager\BehaviorScheduler\BehaviorScheduler.h">
      <Filter>GameFramework\Graphic\GraphicEffectManager\GraphicEffect\BehaviorScheduler</Filter>
    </ClInclude>
      <Filter>GameFramework\Graphic\GraphicEffectManager\GraphicEffect</Filter>
    </ClInclude>
    <ClInclude Include="GameFramework\Graphic\GraphicEffectManager\Shape.h">
      <Filter>GameFramework\Graphic\GraphicEffectManager\GraphicEffect</Filter>
    </ClInclude>
    <ClInclude Include="GameFramework\Graphic\GraphicEffectManager\Behavior.h">
    <ClInclude Include="GameFramework\Graphic\GraphicEffectManager\PartScheduler\PartScheduler.h">
      <Filter>GameFramework\Graphic\GraphicEffectManager\GraphicEffect\PartScheduler</Filter>
    </ClInclude>
      <Filter>GameFramework\Graphic\GraphicEffectManager\GraphicEffect</Filter>
    </ClInclude>
    <ClInclude Include="GameFramework\Graphic\GraphicEffectManager\Particle.h">
      <Filter>GameFramework\Graphic\GraphicEffectManager\GraphicEffect</Filter>
    </ClInclude>
    <ClInclude Include="NodeSystem\NodeSystem.h">
      <Filter>NodeSystem</Filter>
    </ClInclude>
  </ItemGroup>
</Project>